{
  "name": "proyecto-de-barberia-alura-ok",
  "version": "1.0.0",
  "lockfileVersion": 3,
  "requires": true,
  "packages": {
    "": {
      "name": "proyecto-de-barberia-alura-ok",
      "version": "1.0.0",
      "license": "ISC",
      "dependencies": {
        "notiflix": "^3.2.7",
        "notifly": "^0.0.1",
        "proyecto-de-barberia-alura-ok": "file:"
      }
    },
    "node_modules/notiflix": {
      "version": "3.2.7",
      "resolved": "https://registry.npmjs.org/notiflix/-/notiflix-3.2.7.tgz",
      "integrity": "sha512-NRu6KSeyfphgPKBxh4IUoOYXbROrpuDa9/q9/VPb6UNEP4uII9RKwclTZWUyl1A0tSh9+lEhdz9F/EkskH3A6w=="
    },
    "node_modules/notifly": {
      "version": "0.0.1",
      "resolved": "https://registry.npmjs.org/notifly/-/notifly-0.0.1.tgz",
      "integrity": "sha512-/OIMo1kTmo8fsHnhZ8CY3nx+AX2Gr/9piggDCY6V64GD7/cGfXOAldD0qfYdceojsGDR0BS4EIHcog4CUAEnoQ=="
    },
    "node_modules/proyecto-de-barberia-alura-ok": {
      "resolved": "",
      "link": true
    }
  }
}
